
Microsoft Visual Studio Solution File, Format Version 12.00
# Visual Studio Version 17
VisualStudioVersion = 17.14.35821.62 d17.14
MinimumVisualStudioVersion = 10.0.40219.1
Project("{FAE04EC0-301F-11D3-BF4B-00C04F79EFBC}") = "WelterKit-lib", "WelterKit-lib\WelterKit-lib.csproj", "{7A750FF0-2EA1-4824-BC1B-7BCCC50ABF7A}"
EndProject
Global
	GlobalSection(SolutionConfigurationPlatforms) = preSolution
		Debug|Any CPU = Debug|Any CPU
		Release|Any CPU = Release|Any CPU
	EndGlobalSection
	GlobalSection(ProjectConfigurationPlatforms) = postSolution
		{7A750FF0-2EA1-4824-BC1B-7BCCC50ABF7A}.Debug|Any CPU.ActiveCfg = Debug|Any CPU
		{7A750FF0-2EA1-4824-BC1B-7BCCC50ABF7A}.Debug|Any CPU.Build.0 = Debug|Any CPU
		{7A750FF0-2EA1-4824-BC1B-7BCCC50ABF7A}.Release|Any CPU.ActiveCfg = Release|Any CPU
		{7A750FF0-2EA1-4824-BC1B-7BCCC50ABF7A}.Release|Any CPU.Build.0 = Release|Any CPU
	EndGlobalSection
	GlobalSection(SolutionProperties) = preSolution
		HideSolutionNode = FALSE
	EndGlobalSection
	GlobalSection(ExtensibilityGlobals) = postSolution
		SolutionGuid = {5944CD6C-D03A-4480-96E8-099FE896A0BF}
	EndGlobalSection
EndGlobal
